{
  "object": {
    "pins": [
      {
        "package": "Facebook",
        "repositoryURL": "https://github.com/facebook/facebook-ios-sdk",
        "state": {
          "branch": null,
          "revision": "46a0b7416b20d86c36227f439026dc8102d5e7e2",
          "version": "9.2.0"
        }
      }
    ]
  },
  "version": 1
}
