PODS:
  - Alamofire (4.9.1)
  - AlamofireImage (3.6.0):
    - Alamofire (~> 4.9)
  - PKHUD (5.3.0)
  - ReachabilitySwift (5.0.0)

DEPENDENCIES:
  - Alamofire
  - AlamofireImage
  - PKHUD (~> 5.0)
  - ReachabilitySwift

SPEC REPOS:
  trunk:
    - Alamofire
    - AlamofireImage
    - PKHUD
    - ReachabilitySwift

SPEC CHECKSUMS:
  Alamofire: 85e8a02c69d6020a0d734f6054870d7ecb75cf18
  AlamofireImage: be9963c6582d68b39e89191f64c82a7d7bf40fdd
  PKHUD: 98f3e4bc904b9c916f1c5bb6d765365b5357291b
  ReachabilitySwift: 985039c6f7b23a1da463388634119492ff86c825

PODFILE CHECKSUM: fa234f01464713fc05b0937ce2ae7ebf7ae77b82

COCOAPODS: 1.10.0
