// !$*UTF8*$!
{
	archiveVersion = 1;
	classes = {
	};
	objectVersion = 52;
	objects = {

/* Begin PBXBuildFile section */
		1805B5E325A59CCE00CE4C01 /* LoginHandler.swift in Sources */ = {isa = PBXBuildFile; fileRef = 1805B5E225A59CCE00CE4C01 /* LoginHandler.swift */; };
		1805B5E625A59CE300CE4C01 /* APIHandler.swift in Sources */ = {isa = PBXBuildFile; fileRef = 1805B5E525A59CE300CE4C01 /* APIHandler.swift */; };
		1805B5EA25A59D4600CE4C01 /* LoadingView.swift in Sources */ = {isa = PBXBuildFile; fileRef = 1805B5E925A59D4600CE4C01 /* LoadingView.swift */; };
		1805B5ED25A59D5100CE4C01 /* LoadingIndicator.swift in Sources */ = {isa = PBXBuildFile; fileRef = 1805B5EC25A59D5100CE4C01 /* LoadingIndicator.swift */; };
		1805B60025A5C27600CE4C01 /* HomeHandler.swift in Sources */ = {isa = PBXBuildFile; fileRef = 1805B5FF25A5C27600CE4C01 /* HomeHandler.swift */; };
		1805B60325A5C29A00CE4C01 /* HomeViewModel.swift in Sources */ = {isa = PBXBuildFile; fileRef = 1805B60225A5C29A00CE4C01 /* HomeViewModel.swift */; };
		180902C5258B793200BB996E /* SettingsView.swift in Sources */ = {isa = PBXBuildFile; fileRef = 180902C4258B793200BB996E /* SettingsView.swift */; };
		180902C8258BBA2900BB996E /* ActivitiesView.swift in Sources */ = {isa = PBXBuildFile; fileRef = 180902C7258BBA2900BB996E /* ActivitiesView.swift */; };
		1809E0A6256CD24C0007E9B2 /* NetworkExtension.framework in Frameworks */ = {isa = PBXBuildFile; fileRef = 1809E0A5256CD24C0007E9B2 /* NetworkExtension.framework */; };
		1809E0AA256CD8A20007E9B2 /* EmailOTPVerification.swift in Sources */ = {isa = PBXBuildFile; fileRef = 1809E0A9256CD8A20007E9B2 /* EmailOTPVerification.swift */; };
		1809E0AD256CD8BA0007E9B2 /* PhoneOTPVerification.swift in Sources */ = {isa = PBXBuildFile; fileRef = 1809E0AC256CD8BA0007E9B2 /* PhoneOTPVerification.swift */; };
		1821272B25A2E813001B1553 /* HomeModel.swift in Sources */ = {isa = PBXBuildFile; fileRef = 1821272A25A2E813001B1553 /* HomeModel.swift */; };
		1821272E25A2E846001B1553 /* EventViewModel.swift in Sources */ = {isa = PBXBuildFile; fileRef = 1821272D25A2E846001B1553 /* EventViewModel.swift */; };
		1821273125A2E866001B1553 /* EventModel.swift in Sources */ = {isa = PBXBuildFile; fileRef = 1821273025A2E866001B1553 /* EventModel.swift */; };
		1821F0F625678E8700F77583 /* Registration.swift in Sources */ = {isa = PBXBuildFile; fileRef = 1821F0F525678E8700F77583 /* Registration.swift */; };
		1821F0F925678E9900F77583 /* Login.swift in Sources */ = {isa = PBXBuildFile; fileRef = 1821F0F825678E9900F77583 /* Login.swift */; };
		1821F0FF25678EBE00F77583 /* Home.swift in Sources */ = {isa = PBXBuildFile; fileRef = 1821F0FE25678EBE00F77583 /* Home.swift */; };
		1821F1022567947600F77583 /* EmailVerification.swift in Sources */ = {isa = PBXBuildFile; fileRef = 1821F1012567947600F77583 /* EmailVerification.swift */; };
		1821F1052567949F00F77583 /* PhoneVerification.swift in Sources */ = {isa = PBXBuildFile; fileRef = 1821F1042567949F00F77583 /* PhoneVerification.swift */; };
		1821F108256794C800F77583 /* ForgetPassword.swift in Sources */ = {isa = PBXBuildFile; fileRef = 1821F107256794C800F77583 /* ForgetPassword.swift */; };
		18251303257A086F00C315C2 /* ProfileView.swift in Sources */ = {isa = PBXBuildFile; fileRef = 18251302257A086F00C315C2 /* ProfileView.swift */; };
		18251306257A099A00C315C2 /* EventView.swift in Sources */ = {isa = PBXBuildFile; fileRef = 18251305257A099A00C315C2 /* EventView.swift */; };
		182B344D259468A100DFCEF3 /* PlusButtonView.swift in Sources */ = {isa = PBXBuildFile; fileRef = 182B344C259468A100DFCEF3 /* PlusButtonView.swift */; };
		182B346525947B6A00DFCEF3 /* RegisterModel.swift in Sources */ = {isa = PBXBuildFile; fileRef = 182B346425947B6A00DFCEF3 /* RegisterModel.swift */; };
		182C6CBD259074EA00742B1F /* PostView.swift in Sources */ = {isa = PBXBuildFile; fileRef = 182C6CBC259074EA00742B1F /* PostView.swift */; };
		1835CD6425A6D202004A2F63 /* TextFields.swift in Sources */ = {isa = PBXBuildFile; fileRef = 1835CD6325A6D202004A2F63 /* TextFields.swift */; };
		18578CF825B5542B00D70D98 /* HomeImpulseHandler.swift in Sources */ = {isa = PBXBuildFile; fileRef = 18578CF725B5542B00D70D98 /* HomeImpulseHandler.swift */; };
		18578CFB25B5BC6E00D70D98 /* StoriesHandler.swift in Sources */ = {isa = PBXBuildFile; fileRef = 18578CFA25B5BC6E00D70D98 /* StoriesHandler.swift */; };
		18578CFE25B5BC8C00D70D98 /* StoriesViewModel.swift in Sources */ = {isa = PBXBuildFile; fileRef = 18578CFD25B5BC8C00D70D98 /* StoriesViewModel.swift */; };
		18578D0125B5BCA200D70D98 /* StoriesModel.swift in Sources */ = {isa = PBXBuildFile; fileRef = 18578D0025B5BCA200D70D98 /* StoriesModel.swift */; };
		18578D0425B5BCD900D70D98 /* TrendingCatHandler.swift in Sources */ = {isa = PBXBuildFile; fileRef = 18578D0325B5BCD900D70D98 /* TrendingCatHandler.swift */; };
		18578D0725B5BCEE00D70D98 /* TrendingCatViewModel.swift in Sources */ = {isa = PBXBuildFile; fileRef = 18578D0625B5BCEE00D70D98 /* TrendingCatViewModel.swift */; };
		18578D0A25B5BCFD00D70D98 /* TrendingCatModel.swift in Sources */ = {isa = PBXBuildFile; fileRef = 18578D0925B5BCFD00D70D98 /* TrendingCatModel.swift */; };
		18578D0D25B5BD1700D70D98 /* FollowersHandler.swift in Sources */ = {isa = PBXBuildFile; fileRef = 18578D0C25B5BD1700D70D98 /* FollowersHandler.swift */; };
		18578D1025B5BD2900D70D98 /* FollowersViewModel.swift in Sources */ = {isa = PBXBuildFile; fileRef = 18578D0F25B5BD2900D70D98 /* FollowersViewModel.swift */; };
		18578D1325B5BE2000D70D98 /* FollowersModel.swift in Sources */ = {isa = PBXBuildFile; fileRef = 18578D1225B5BE2000D70D98 /* FollowersModel.swift */; };
		1859CF4B256C03A000EFC1EA /* FacebookLogin in Frameworks */ = {isa = PBXBuildFile; productRef = 1859CF4A256C03A000EFC1EA /* FacebookLogin */; };
		18675F1125543EDF00758F81 /* AppDelegate.swift in Sources */ = {isa = PBXBuildFile; fileRef = 18675F1025543EDF00758F81 /* AppDelegate.swift */; };
		18675F1325543EDF00758F81 /* SceneDelegate.swift in Sources */ = {isa = PBXBuildFile; fileRef = 18675F1225543EDF00758F81 /* SceneDelegate.swift */; };
		18675F1525543EDF00758F81 /* ContentView.swift in Sources */ = {isa = PBXBuildFile; fileRef = 18675F1425543EDF00758F81 /* ContentView.swift */; };
		18675F1725543EE300758F81 /* Assets.xcassets in Resources */ = {isa = PBXBuildFile; fileRef = 18675F1625543EE300758F81 /* Assets.xcassets */; };
		18675F1A25543EE300758F81 /* Preview Assets.xcassets in Resources */ = {isa = PBXBuildFile; fileRef = 18675F1925543EE300758F81 /* Preview Assets.xcassets */; };
		18675F1D25543EE300758F81 /* LaunchScreen.storyboard in Resources */ = {isa = PBXBuildFile; fileRef = 18675F1B25543EE300758F81 /* LaunchScreen.storyboard */; };
		18675F472554671300758F81 /* IQTextView.m in Sources */ = {isa = PBXBuildFile; fileRef = 18675F272554671300758F81 /* IQTextView.m */; };
		18675F482554671400758F81 /* IQToolbar.m in Sources */ = {isa = PBXBuildFile; fileRef = 18675F2B2554671300758F81 /* IQToolbar.m */; };
		18675F492554671400758F81 /* IQTitleBarButtonItem.m in Sources */ = {isa = PBXBuildFile; fileRef = 18675F2D2554671300758F81 /* IQTitleBarButtonItem.m */; };
		18675F4A2554671400758F81 /* IQBarButtonItem.m in Sources */ = {isa = PBXBuildFile; fileRef = 18675F2E2554671300758F81 /* IQBarButtonItem.m */; };
		18675F4B2554671400758F81 /* IQUIView+IQKeyboardToolbar.m in Sources */ = {isa = PBXBuildFile; fileRef = 18675F2F2554671300758F81 /* IQUIView+IQKeyboardToolbar.m */; };
		18675F4C2554671400758F81 /* IQPreviousNextView.m in Sources */ = {isa = PBXBuildFile; fileRef = 18675F302554671300758F81 /* IQPreviousNextView.m */; };
		18675F4D2554671400758F81 /* IQKeyboardManager.m in Sources */ = {isa = PBXBuildFile; fileRef = 18675F3A2554671300758F81 /* IQKeyboardManager.m */; };
		18675F4E2554671400758F81 /* IQNSArray+Sort.m in Sources */ = {isa = PBXBuildFile; fileRef = 18675F3C2554671300758F81 /* IQNSArray+Sort.m */; };
		18675F4F2554671400758F81 /* IQUITextFieldView+Additions.m in Sources */ = {isa = PBXBuildFile; fileRef = 18675F3E2554671300758F81 /* IQUITextFieldView+Additions.m */; };
		18675F502554671400758F81 /* IQUIScrollView+Additions.m in Sources */ = {isa = PBXBuildFile; fileRef = 18675F3F2554671300758F81 /* IQUIScrollView+Additions.m */; };
		18675F512554671400758F81 /* IQUIView+Hierarchy.m in Sources */ = {isa = PBXBuildFile; fileRef = 18675F402554671300758F81 /* IQUIView+Hierarchy.m */; };
		18675F522554671400758F81 /* IQUIViewController+Additions.m in Sources */ = {isa = PBXBuildFile; fileRef = 18675F442554671300758F81 /* IQUIViewController+Additions.m */; };
		18675F532554671400758F81 /* IQKeyboardReturnKeyHandler.m in Sources */ = {isa = PBXBuildFile; fileRef = 18675F462554671300758F81 /* IQKeyboardReturnKeyHandler.m */; };
		18767E6525A712CE00AF8943 /* ForgetPasswordView.swift in Sources */ = {isa = PBXBuildFile; fileRef = 18767E6425A712CE00AF8943 /* ForgetPasswordView.swift */; };
		18767E6825A718B100AF8943 /* ForgetHandler.swift in Sources */ = {isa = PBXBuildFile; fileRef = 18767E6725A718B100AF8943 /* ForgetHandler.swift */; };
		18767E6B25A7192800AF8943 /* ForgetModel.swift in Sources */ = {isa = PBXBuildFile; fileRef = 18767E6A25A7192800AF8943 /* ForgetModel.swift */; };
		18767E6E25A71AB600AF8943 /* ForgetViewModel.swift in Sources */ = {isa = PBXBuildFile; fileRef = 18767E6D25A71AB600AF8943 /* ForgetViewModel.swift */; };
		18767E8225A7469700AF8943 /* RegisterHandler.swift in Sources */ = {isa = PBXBuildFile; fileRef = 18767E8125A7469700AF8943 /* RegisterHandler.swift */; };
		18767E8525A746B100AF8943 /* RegisterViewModel.swift in Sources */ = {isa = PBXBuildFile; fileRef = 18767E8425A746B100AF8943 /* RegisterViewModel.swift */; };
		187B70D4256849960055E5D0 /* AppConstantes.swift in Sources */ = {isa = PBXBuildFile; fileRef = 187B70D1256849960055E5D0 /* AppConstantes.swift */; };
		187B70D5256849960055E5D0 /* singleton.swift in Sources */ = {isa = PBXBuildFile; fileRef = 187B70D2256849960055E5D0 /* singleton.swift */; };
		18830D6725B1BEED00842278 /* HomeViewImpulseModel.swift in Sources */ = {isa = PBXBuildFile; fileRef = 18830D6625B1BEED00842278 /* HomeViewImpulseModel.swift */; };
		18830D6A25B1BF1700842278 /* HomeImpulseModel.swift in Sources */ = {isa = PBXBuildFile; fileRef = 18830D6925B1BF1700842278 /* HomeImpulseModel.swift */; };
		1893E0BF257E348E00B62212 /* StoriesDetail.swift in Sources */ = {isa = PBXBuildFile; fileRef = 1893E0BE257E348E00B62212 /* StoriesDetail.swift */; };
		1893E0C2257E352A00B62212 /* TrendingCatDetail.swift in Sources */ = {isa = PBXBuildFile; fileRef = 1893E0C1257E352A00B62212 /* TrendingCatDetail.swift */; };
		1895303B257A602300B5C7B2 /* SpineImpulseDetail.swift in Sources */ = {isa = PBXBuildFile; fileRef = 1895303A257A602300B5C7B2 /* SpineImpulseDetail.swift */; };
		18A22CBE2587525700020B28 /* LoginModel.swift in Sources */ = {isa = PBXBuildFile; fileRef = 18A22CBD2587525700020B28 /* LoginModel.swift */; };
		18A22CC225875E0C00020B28 /* LoginViewModel.swift in Sources */ = {isa = PBXBuildFile; fileRef = 18A22CC125875E0C00020B28 /* LoginViewModel.swift */; };
		18FEDBDE258A574A00CD9163 /* OtherData.swift in Sources */ = {isa = PBXBuildFile; fileRef = 18FEDBDD258A574A00CD9163 /* OtherData.swift */; };
		7DEED95F9456EB187E894AD7 /* Pods_Spine.framework in Frameworks */ = {isa = PBXBuildFile; fileRef = DF920189D53FA29F2F788086 /* Pods_Spine.framework */; };
/* End PBXBuildFile section */

/* Begin PBXFileReference section */
		0FD6E7CF03C8028802FF631C /* Pods-Spine.release.xcconfig */ = {isa = PBXFileReference; includeInIndex = 1; lastKnownFileType = text.xcconfig; name = "Pods-Spine.release.xcconfig"; path = "Target Support Files/Pods-Spine/Pods-Spine.release.xcconfig"; sourceTree = "<group>"; };
		17DF1A7A3E4D2D8E886D4240 /* Pods-Spine.release.xcconfig */ = {isa = PBXFileReference; includeInIndex = 1; lastKnownFileType = text.xcconfig; name = "Pods-Spine.release.xcconfig"; path = "Target Support Files/Pods-Spine/Pods-Spine.release.xcconfig"; sourceTree = "<group>"; };
		1805B5E225A59CCE00CE4C01 /* LoginHandler.swift */ = {isa = PBXFileReference; fileEncoding = 4; lastKnownFileType = sourcecode.swift; path = LoginHandler.swift; sourceTree = "<group>"; };
		1805B5E525A59CE300CE4C01 /* APIHandler.swift */ = {isa = PBXFileReference; fileEncoding = 4; lastKnownFileType = sourcecode.swift; path = APIHandler.swift; sourceTree = "<group>"; };
		1805B5E925A59D4600CE4C01 /* LoadingView.swift */ = {isa = PBXFileReference; fileEncoding = 4; lastKnownFileType = sourcecode.swift; path = LoadingView.swift; sourceTree = "<group>"; };
		1805B5EC25A59D5100CE4C01 /* LoadingIndicator.swift */ = {isa = PBXFileReference; fileEncoding = 4; lastKnownFileType = sourcecode.swift; path = LoadingIndicator.swift; sourceTree = "<group>"; };
		1805B5FF25A5C27600CE4C01 /* HomeHandler.swift */ = {isa = PBXFileReference; lastKnownFileType = sourcecode.swift; path = HomeHandler.swift; sourceTree = "<group>"; };
		1805B60225A5C29A00CE4C01 /* HomeViewModel.swift */ = {isa = PBXFileReference; lastKnownFileType = sourcecode.swift; path = HomeViewModel.swift; sourceTree = "<group>"; };
		180902C4258B793200BB996E /* SettingsView.swift */ = {isa = PBXFileReference; lastKnownFileType = sourcecode.swift; path = SettingsView.swift; sourceTree = "<group>"; };
		180902C7258BBA2900BB996E /* ActivitiesView.swift */ = {isa = PBXFileReference; lastKnownFileType = sourcecode.swift; path = ActivitiesView.swift; sourceTree = "<group>"; };
		1809E0A4256CD2480007E9B2 /* Spine.entitlements */ = {isa = PBXFileReference; lastKnownFileType = text.plist.entitlements; path = Spine.entitlements; sourceTree = "<group>"; };
		1809E0A5256CD24C0007E9B2 /* NetworkExtension.framework */ = {isa = PBXFileReference; lastKnownFileType = wrapper.framework; name = NetworkExtension.framework; path = System/Library/Frameworks/NetworkExtension.framework; sourceTree = SDKROOT; };
		1809E0A9256CD8A20007E9B2 /* EmailOTPVerification.swift */ = {isa = PBXFileReference; lastKnownFileType = sourcecode.swift; path = EmailOTPVerification.swift; sourceTree = "<group>"; };
		1809E0AC256CD8BA0007E9B2 /* PhoneOTPVerification.swift */ = {isa = PBXFileReference; lastKnownFileType = sourcecode.swift; path = PhoneOTPVerification.swift; sourceTree = "<group>"; };
		1821272A25A2E813001B1553 /* HomeModel.swift */ = {isa = PBXFileReference; lastKnownFileType = sourcecode.swift; path = HomeModel.swift; sourceTree = "<group>"; };
		1821272D25A2E846001B1553 /* EventViewModel.swift */ = {isa = PBXFileReference; lastKnownFileType = sourcecode.swift; path = EventViewModel.swift; sourceTree = "<group>"; };
		1821273025A2E866001B1553 /* EventModel.swift */ = {isa = PBXFileReference; lastKnownFileType = sourcecode.swift; path = EventModel.swift; sourceTree = "<group>"; };
		1821F0F525678E8700F77583 /* Registration.swift */ = {isa = PBXFileReference; lastKnownFileType = sourcecode.swift; path = Registration.swift; sourceTree = "<group>"; };
		1821F0F825678E9900F77583 /* Login.swift */ = {isa = PBXFileReference; lastKnownFileType = sourcecode.swift; path = Login.swift; sourceTree = "<group>"; };
		1821F0FE25678EBE00F77583 /* Home.swift */ = {isa = PBXFileReference; lastKnownFileType = sourcecode.swift; path = Home.swift; sourceTree = "<group>"; };
		1821F1012567947600F77583 /* EmailVerification.swift */ = {isa = PBXFileReference; lastKnownFileType = sourcecode.swift; path = EmailVerification.swift; sourceTree = "<group>"; };
		1821F1042567949F00F77583 /* PhoneVerification.swift */ = {isa = PBXFileReference; lastKnownFileType = sourcecode.swift; path = PhoneVerification.swift; sourceTree = "<group>"; };
		1821F107256794C800F77583 /* ForgetPassword.swift */ = {isa = PBXFileReference; lastKnownFileType = sourcecode.swift; path = ForgetPassword.swift; sourceTree = "<group>"; };
		18251302257A086F00C315C2 /* ProfileView.swift */ = {isa = PBXFileReference; lastKnownFileType = sourcecode.swift; path = ProfileView.swift; sourceTree = "<group>"; };
		18251305257A099A00C315C2 /* EventView.swift */ = {isa = PBXFileReference; lastKnownFileType = sourcecode.swift; path = EventView.swift; sourceTree = "<group>"; };
		182B344C259468A100DFCEF3 /* PlusButtonView.swift */ = {isa = PBXFileReference; lastKnownFileType = sourcecode.swift; path = PlusButtonView.swift; sourceTree = "<group>"; };
		182B346425947B6A00DFCEF3 /* RegisterModel.swift */ = {isa = PBXFileReference; lastKnownFileType = sourcecode.swift; path = RegisterModel.swift; sourceTree = "<group>"; };
		182C6CBC259074EA00742B1F /* PostView.swift */ = {isa = PBXFileReference; lastKnownFileType = sourcecode.swift; path = PostView.swift; sourceTree = "<group>"; };
		1835CD6325A6D202004A2F63 /* TextFields.swift */ = {isa = PBXFileReference; lastKnownFileType = sourcecode.swift; path = TextFields.swift; sourceTree = "<group>"; };
		18578CF725B5542B00D70D98 /* HomeImpulseHandler.swift */ = {isa = PBXFileReference; lastKnownFileType = sourcecode.swift; path = HomeImpulseHandler.swift; sourceTree = "<group>"; };
		18578CFA25B5BC6E00D70D98 /* StoriesHandler.swift */ = {isa = PBXFileReference; lastKnownFileType = sourcecode.swift; path = StoriesHandler.swift; sourceTree = "<group>"; };
		18578CFD25B5BC8C00D70D98 /* StoriesViewModel.swift */ = {isa = PBXFileReference; lastKnownFileType = sourcecode.swift; path = StoriesViewModel.swift; sourceTree = "<group>"; };
		18578D0025B5BCA200D70D98 /* StoriesModel.swift */ = {isa = PBXFileReference; lastKnownFileType = sourcecode.swift; path = StoriesModel.swift; sourceTree = "<group>"; };
		18578D0325B5BCD900D70D98 /* TrendingCatHandler.swift */ = {isa = PBXFileReference; lastKnownFileType = sourcecode.swift; path = TrendingCatHandler.swift; sourceTree = "<group>"; };
		18578D0625B5BCEE00D70D98 /* TrendingCatViewModel.swift */ = {isa = PBXFileReference; lastKnownFileType = sourcecode.swift; path = TrendingCatViewModel.swift; sourceTree = "<group>"; };
		18578D0925B5BCFD00D70D98 /* TrendingCatModel.swift */ = {isa = PBXFileReference; lastKnownFileType = sourcecode.swift; path = TrendingCatModel.swift; sourceTree = "<group>"; };
		18578D0C25B5BD1700D70D98 /* FollowersHandler.swift */ = {isa = PBXFileReference; lastKnownFileType = sourcecode.swift; path = FollowersHandler.swift; sourceTree = "<group>"; };
		18578D0F25B5BD2900D70D98 /* FollowersViewModel.swift */ = {isa = PBXFileReference; lastKnownFileType = sourcecode.swift; path = FollowersViewModel.swift; sourceTree = "<group>"; };
		18578D1225B5BE2000D70D98 /* FollowersModel.swift */ = {isa = PBXFileReference; lastKnownFileType = sourcecode.swift; path = FollowersModel.swift; sourceTree = "<group>"; };
		18675F0D25543EDF00758F81 /* Spine.app */ = {isa = PBXFileReference; explicitFileType = wrapper.application; includeInIndex = 0; path = Spine.app; sourceTree = BUILT_PRODUCTS_DIR; };
		18675F1025543EDF00758F81 /* AppDelegate.swift */ = {isa = PBXFileReference; lastKnownFileType = sourcecode.swift; path = AppDelegate.swift; sourceTree = "<group>"; };
		18675F1225543EDF00758F81 /* SceneDelegate.swift */ = {isa = PBXFileReference; lastKnownFileType = sourcecode.swift; path = SceneDelegate.swift; sourceTree = "<group>"; };
		18675F1425543EDF00758F81 /* ContentView.swift */ = {isa = PBXFileReference; lastKnownFileType = sourcecode.swift; path = ContentView.swift; sourceTree = "<group>"; };
		18675F1625543EE300758F81 /* Assets.xcassets */ = {isa = PBXFileReference; lastKnownFileType = folder.assetcatalog; path = Assets.xcassets; sourceTree = "<group>"; };
		18675F1925543EE300758F81 /* Preview Assets.xcassets */ = {isa = PBXFileReference; lastKnownFileType = folder.assetcatalog; path = "Preview Assets.xcassets"; sourceTree = "<group>"; };
		18675F1C25543EE300758F81 /* Base */ = {isa = PBXFileReference; lastKnownFileType = file.storyboard; name = Base; path = Base.lproj/LaunchScreen.storyboard; sourceTree = "<group>"; };
		18675F1E25543EE300758F81 /* Info.plist */ = {isa = PBXFileReference; lastKnownFileType = text.plist.xml; path = Info.plist; sourceTree = "<group>"; };
		18675F272554671300758F81 /* IQTextView.m */ = {isa = PBXFileReference; fileEncoding = 4; lastKnownFileType = sourcecode.c.objc; path = IQTextView.m; sourceTree = "<group>"; };
		18675F282554671300758F81 /* IQTextView.h */ = {isa = PBXFileReference; fileEncoding = 4; lastKnownFileType = sourcecode.c.h; path = IQTextView.h; sourceTree = "<group>"; };
		18675F2A2554671300758F81 /* IQUIView+IQKeyboardToolbar.h */ = {isa = PBXFileReference; fileEncoding = 4; lastKnownFileType = sourcecode.c.h; path = "IQUIView+IQKeyboardToolbar.h"; sourceTree = "<group>"; };
		18675F2B2554671300758F81 /* IQToolbar.m */ = {isa = PBXFileReference; fileEncoding = 4; lastKnownFileType = sourcecode.c.objc; path = IQToolbar.m; sourceTree = "<group>"; };
		18675F2C2554671300758F81 /* IQPreviousNextView.h */ = {isa = PBXFileReference; fileEncoding = 4; lastKnownFileType = sourcecode.c.h; path = IQPreviousNextView.h; sourceTree = "<group>"; };
		18675F2D2554671300758F81 /* IQTitleBarButtonItem.m */ = {isa = PBXFileReference; fileEncoding = 4; lastKnownFileType = sourcecode.c.objc; path = IQTitleBarButtonItem.m; sourceTree = "<group>"; };
		18675F2E2554671300758F81 /* IQBarButtonItem.m */ = {isa = PBXFileReference; fileEncoding = 4; lastKnownFileType = sourcecode.c.objc; path = IQBarButtonItem.m; sourceTree = "<group>"; };
		18675F2F2554671300758F81 /* IQUIView+IQKeyboardToolbar.m */ = {isa = PBXFileReference; fileEncoding = 4; lastKnownFileType = sourcecode.c.objc; path = "IQUIView+IQKeyboardToolbar.m"; sourceTree = "<group>"; };
		18675F302554671300758F81 /* IQPreviousNextView.m */ = {isa = PBXFileReference; fileEncoding = 4; lastKnownFileType = sourcecode.c.objc; path = IQPreviousNextView.m; sourceTree = "<group>"; };
		18675F312554671300758F81 /* IQToolbar.h */ = {isa = PBXFileReference; fileEncoding = 4; lastKnownFileType = sourcecode.c.h; path = IQToolbar.h; sourceTree = "<group>"; };
		18675F322554671300758F81 /* IQBarButtonItem.h */ = {isa = PBXFileReference; fileEncoding = 4; lastKnownFileType = sourcecode.c.h; path = IQBarButtonItem.h; sourceTree = "<group>"; };
		18675F332554671300758F81 /* IQTitleBarButtonItem.h */ = {isa = PBXFileReference; fileEncoding = 4; lastKnownFileType = sourcecode.c.h; path = IQTitleBarButtonItem.h; sourceTree = "<group>"; };
		18675F352554671300758F81 /* IQKeyboardManagerConstantsInternal.h */ = {isa = PBXFileReference; fileEncoding = 4; lastKnownFileType = sourcecode.c.h; path = IQKeyboardManagerConstantsInternal.h; sourceTree = "<group>"; };
		18675F362554671300758F81 /* IQKeyboardManagerConstants.h */ = {isa = PBXFileReference; fileEncoding = 4; lastKnownFileType = sourcecode.c.h; path = IQKeyboardManagerConstants.h; sourceTree = "<group>"; };
		18675F382554671300758F81 /* IQKeyboardReturnKeyHandler.h */ = {isa = PBXFileReference; fileEncoding = 4; lastKnownFileType = sourcecode.c.h; path = IQKeyboardReturnKeyHandler.h; sourceTree = "<group>"; };
		18675F392554671300758F81 /* IQKeyboardManager.h */ = {isa = PBXFileReference; fileEncoding = 4; lastKnownFileType = sourcecode.c.h; path = IQKeyboardManager.h; sourceTree = "<group>"; };
		18675F3A2554671300758F81 /* IQKeyboardManager.m */ = {isa = PBXFileReference; fileEncoding = 4; lastKnownFileType = sourcecode.c.objc; path = IQKeyboardManager.m; sourceTree = "<group>"; };
		18675F3C2554671300758F81 /* IQNSArray+Sort.m */ = {isa = PBXFileReference; fileEncoding = 4; lastKnownFileType = sourcecode.c.objc; path = "IQNSArray+Sort.m"; sourceTree = "<group>"; };
		18675F3D2554671300758F81 /* IQUIViewController+Additions.h */ = {isa = PBXFileReference; fileEncoding = 4; lastKnownFileType = sourcecode.c.h; path = "IQUIViewController+Additions.h"; sourceTree = "<group>"; };
		18675F3E2554671300758F81 /* IQUITextFieldView+Additions.m */ = {isa = PBXFileReference; fileEncoding = 4; lastKnownFileType = sourcecode.c.objc; path = "IQUITextFieldView+Additions.m"; sourceTree = "<group>"; };
		18675F3F2554671300758F81 /* IQUIScrollView+Additions.m */ = {isa = PBXFileReference; fileEncoding = 4; lastKnownFileType = sourcecode.c.objc; path = "IQUIScrollView+Additions.m"; sourceTree = "<group>"; };
		18675F402554671300758F81 /* IQUIView+Hierarchy.m */ = {isa = PBXFileReference; fileEncoding = 4; lastKnownFileType = sourcecode.c.objc; path = "IQUIView+Hierarchy.m"; sourceTree = "<group>"; };
		18675F412554671300758F81 /* IQNSArray+Sort.h */ = {isa = PBXFileReference; fileEncoding = 4; lastKnownFileType = sourcecode.c.h; path = "IQNSArray+Sort.h"; sourceTree = "<group>"; };
		18675F422554671300758F81 /* IQUIScrollView+Additions.h */ = {isa = PBXFileReference; fileEncoding = 4; lastKnownFileType = sourcecode.c.h; path = "IQUIScrollView+Additions.h"; sourceTree = "<group>"; };
		18675F432554671300758F81 /* IQUITextFieldView+Additions.h */ = {isa = PBXFileReference; fileEncoding = 4; lastKnownFileType = sourcecode.c.h; path = "IQUITextFieldView+Additions.h"; sourceTree = "<group>"; };
		18675F442554671300758F81 /* IQUIViewController+Additions.m */ = {isa = PBXFileReference; fileEncoding = 4; lastKnownFileType = sourcecode.c.objc; path = "IQUIViewController+Additions.m"; sourceTree = "<group>"; };
		18675F452554671300758F81 /* IQUIView+Hierarchy.h */ = {isa = PBXFileReference; fileEncoding = 4; lastKnownFileType = sourcecode.c.h; path = "IQUIView+Hierarchy.h"; sourceTree = "<group>"; };
		18675F462554671300758F81 /* IQKeyboardReturnKeyHandler.m */ = {isa = PBXFileReference; fileEncoding = 4; lastKnownFileType = sourcecode.c.objc; path = IQKeyboardReturnKeyHandler.m; sourceTree = "<group>"; };
		18767E6425A712CE00AF8943 /* ForgetPasswordView.swift */ = {isa = PBXFileReference; lastKnownFileType = sourcecode.swift; path = ForgetPasswordView.swift; sourceTree = "<group>"; };
		18767E6725A718B100AF8943 /* ForgetHandler.swift */ = {isa = PBXFileReference; lastKnownFileType = sourcecode.swift; path = ForgetHandler.swift; sourceTree = "<group>"; };
		18767E6A25A7192800AF8943 /* ForgetModel.swift */ = {isa = PBXFileReference; lastKnownFileType = sourcecode.swift; path = ForgetModel.swift; sourceTree = "<group>"; };
		18767E6D25A71AB600AF8943 /* ForgetViewModel.swift */ = {isa = PBXFileReference; lastKnownFileType = sourcecode.swift; path = ForgetViewModel.swift; sourceTree = "<group>"; };
		18767E8125A7469700AF8943 /* RegisterHandler.swift */ = {isa = PBXFileReference; lastKnownFileType = sourcecode.swift; path = RegisterHandler.swift; sourceTree = "<group>"; };
		18767E8425A746B100AF8943 /* RegisterViewModel.swift */ = {isa = PBXFileReference; lastKnownFileType = sourcecode.swift; path = RegisterViewModel.swift; sourceTree = "<group>"; };
		187B70D1256849960055E5D0 /* AppConstantes.swift */ = {isa = PBXFileReference; fileEncoding = 4; lastKnownFileType = sourcecode.swift; path = AppConstantes.swift; sourceTree = "<group>"; };
		187B70D2256849960055E5D0 /* singleton.swift */ = {isa = PBXFileReference; fileEncoding = 4; lastKnownFileType = sourcecode.swift; path = singleton.swift; sourceTree = "<group>"; };
		18830D6625B1BEED00842278 /* HomeViewImpulseModel.swift */ = {isa = PBXFileReference; lastKnownFileType = sourcecode.swift; path = HomeViewImpulseModel.swift; sourceTree = "<group>"; };
		18830D6925B1BF1700842278 /* HomeImpulseModel.swift */ = {isa = PBXFileReference; lastKnownFileType = sourcecode.swift; path = HomeImpulseModel.swift; sourceTree = "<group>"; };
		1893E0BE257E348E00B62212 /* StoriesDetail.swift */ = {isa = PBXFileReference; lastKnownFileType = sourcecode.swift; path = StoriesDetail.swift; sourceTree = "<group>"; };
		1893E0C1257E352A00B62212 /* TrendingCatDetail.swift */ = {isa = PBXFileReference; lastKnownFileType = sourcecode.swift; path = TrendingCatDetail.swift; sourceTree = "<group>"; };
		1895303A257A602300B5C7B2 /* SpineImpulseDetail.swift */ = {isa = PBXFileReference; lastKnownFileType = sourcecode.swift; path = SpineImpulseDetail.swift; sourceTree = "<group>"; };
		18A22CBD2587525700020B28 /* LoginModel.swift */ = {isa = PBXFileReference; lastKnownFileType = sourcecode.swift; path = LoginModel.swift; sourceTree = "<group>"; };
		18A22CC125875E0C00020B28 /* LoginViewModel.swift */ = {isa = PBXFileReference; lastKnownFileType = sourcecode.swift; path = LoginViewModel.swift; sourceTree = "<group>"; };
		18FEDBDD258A574A00CD9163 /* OtherData.swift */ = {isa = PBXFileReference; lastKnownFileType = sourcecode.swift; path = OtherData.swift; sourceTree = "<group>"; };
		85B0F029B5D17F0B389B7556 /* Pods-Spine.debug.xcconfig */ = {isa = PBXFileReference; includeInIndex = 1; lastKnownFileType = text.xcconfig; name = "Pods-Spine.debug.xcconfig"; path = "Target Support Files/Pods-Spine/Pods-Spine.debug.xcconfig"; sourceTree = "<group>"; };
		C13328C333B988C2B26F39D3 /* Pods-Spine.debug.xcconfig */ = {isa = PBXFileReference; includeInIndex = 1; lastKnownFileType = text.xcconfig; name = "Pods-Spine.debug.xcconfig"; path = "Target Support Files/Pods-Spine/Pods-Spine.debug.xcconfig"; sourceTree = "<group>"; };
		DF920189D53FA29F2F788086 /* Pods_Spine.framework */ = {isa = PBXFileReference; explicitFileType = wrapper.framework; includeInIndex = 0; path = Pods_Spine.framework; sourceTree = BUILT_PRODUCTS_DIR; };
/* End PBXFileReference section */

/* Begin PBXFrameworksBuildPhase section */
		18675F0A25543EDF00758F81 /* Frameworks */ = {
			isa = PBXFrameworksBuildPhase;
			buildActionMask = 2147483647;
			files = (
				1859CF4B256C03A000EFC1EA /* FacebookLogin in Frameworks */,
				1809E0A6256CD24C0007E9B2 /* NetworkExtension.framework in Frameworks */,
				7DEED95F9456EB187E894AD7 /* Pods_Spine.framework in Frameworks */,
			);
			runOnlyForDeploymentPostprocessing = 0;
		};
/* End PBXFrameworksBuildPhase section */

/* Begin PBXGroup section */
		1805B5E125A59C6900CE4C01 /* Utility */ = {
			isa = PBXGroup;
			children = (
				1805B5E225A59CCE00CE4C01 /* LoginHandler.swift */,
				18767E8125A7469700AF8943 /* RegisterHandler.swift */,
				18767E6725A718B100AF8943 /* ForgetHandler.swift */,
				1805B5FF25A5C27600CE4C01 /* HomeHandler.swift */,
				18578CF725B5542B00D70D98 /* HomeImpulseHandler.swift */,
				18578CFA25B5BC6E00D70D98 /* StoriesHandler.swift */,
				18578D0325B5BCD900D70D98 /* TrendingCatHandler.swift */,
				18578D0C25B5BD1700D70D98 /* FollowersHandler.swift */,
				1805B5E525A59CE300CE4C01 /* APIHandler.swift */,
			);
			path = Utility;
			sourceTree = "<group>";
		};
		1805B5E825A59D0C00CE4C01 /* ReusableViews */ = {
			isa = PBXGroup;
			children = (
				1805B5E925A59D4600CE4C01 /* LoadingView.swift */,
				1805B5EC25A59D5100CE4C01 /* LoadingIndicator.swift */,
				1835CD6325A6D202004A2F63 /* TextFields.swift */,
			);
			path = ReusableViews;
			sourceTree = "<group>";
		};
		183803812580AD7900E287D6 /* Model */ = {
			isa = PBXGroup;
			children = (
				18A22CBD2587525700020B28 /* LoginModel.swift */,
				18767E6A25A7192800AF8943 /* ForgetModel.swift */,
				182B346425947B6A00DFCEF3 /* RegisterModel.swift */,
				1821272A25A2E813001B1553 /* HomeModel.swift */,
				18830D6925B1BF1700842278 /* HomeImpulseModel.swift */,
				18578D0025B5BCA200D70D98 /* StoriesModel.swift */,
				18578D0925B5BCFD00D70D98 /* TrendingCatModel.swift */,
				18578D1225B5BE2000D70D98 /* FollowersModel.swift */,
				1821273025A2E866001B1553 /* EventModel.swift */,
			);
			path = Model;
			sourceTree = "<group>";
		};
		183803822580AD8600E287D6 /* ModelView */ = {
			isa = PBXGroup;
			children = (
				18A22CC125875E0C00020B28 /* LoginViewModel.swift */,
				18767E8425A746B100AF8943 /* RegisterViewModel.swift */,
				18767E6D25A71AB600AF8943 /* ForgetViewModel.swift */,
				1805B60225A5C29A00CE4C01 /* HomeViewModel.swift */,
				18830D6625B1BEED00842278 /* HomeViewImpulseModel.swift */,
				18578CFD25B5BC8C00D70D98 /* StoriesViewModel.swift */,
				18578D0625B5BCEE00D70D98 /* TrendingCatViewModel.swift */,
				18578D0F25B5BD2900D70D98 /* FollowersViewModel.swift */,
				1821272D25A2E846001B1553 /* EventViewModel.swift */,
			);
			path = ModelView;
			sourceTree = "<group>";
		};
		18675F0425543EDF00758F81 = {
			isa = PBXGroup;
			children = (
				1805B5E825A59D0C00CE4C01 /* ReusableViews */,
				1805B5E125A59C6900CE4C01 /* Utility */,
				183803822580AD8600E287D6 /* ModelView */,
				183803812580AD7900E287D6 /* Model */,
				187B70CF256849960055E5D0 /* ServiceClasses */,
				18675F252554671300758F81 /* IQKeyboardManager */,
				18675F0F25543EDF00758F81 /* Spine */,
				18675F0E25543EDF00758F81 /* Products */,
				F610C06F4D139117F03B5C46 /* Frameworks */,
				A7827218F6AD59686481F91F /* Pods */,
			);
			sourceTree = "<group>";
		};
		18675F0E25543EDF00758F81 /* Products */ = {
			isa = PBXGroup;
			children = (
				18675F0D25543EDF00758F81 /* Spine.app */,
			);
			name = Products;
			sourceTree = "<group>";
		};
		18675F0F25543EDF00758F81 /* Spine */ = {
			isa = PBXGroup;
			children = (
				1809E0A4256CD2480007E9B2 /* Spine.entitlements */,
				18675F1025543EDF00758F81 /* AppDelegate.swift */,
				18675F1225543EDF00758F81 /* SceneDelegate.swift */,
				18675F1425543EDF00758F81 /* ContentView.swift */,
				1821F0F525678E8700F77583 /* Registration.swift */,
				1821F0F825678E9900F77583 /* Login.swift */,
				1821F0FE25678EBE00F77583 /* Home.swift */,
				18767E6425A712CE00AF8943 /* ForgetPasswordView.swift */,
				18251302257A086F00C315C2 /* ProfileView.swift */,
				18251305257A099A00C315C2 /* EventView.swift */,
				1821F1012567947600F77583 /* EmailVerification.swift */,
				1809E0A9256CD8A20007E9B2 /* EmailOTPVerification.swift */,
				1821F1042567949F00F77583 /* PhoneVerification.swift */,
				1809E0AC256CD8BA0007E9B2 /* PhoneOTPVerification.swift */,
				1821F107256794C800F77583 /* ForgetPassword.swift */,
				1895303A257A602300B5C7B2 /* SpineImpulseDetail.swift */,
				1893E0BE257E348E00B62212 /* StoriesDetail.swift */,
				1893E0C1257E352A00B62212 /* TrendingCatDetail.swift */,
				18FEDBDD258A574A00CD9163 /* OtherData.swift */,
				180902C4258B793200BB996E /* SettingsView.swift */,
				180902C7258BBA2900BB996E /* ActivitiesView.swift */,
				182C6CBC259074EA00742B1F /* PostView.swift */,
				182B344C259468A100DFCEF3 /* PlusButtonView.swift */,
				18675F1625543EE300758F81 /* Assets.xcassets */,
				18675F1B25543EE300758F81 /* LaunchScreen.storyboard */,
				EF6AEC45BE58E3D2AB7AE26B /* Pods */,
				18675F1E25543EE300758F81 /* Info.plist */,
				18675F1825543EE300758F81 /* Preview Content */,
			);
			path = Spine;
			sourceTree = "<group>";
		};
		18675F1825543EE300758F81 /* Preview Content */ = {
			isa = PBXGroup;
			children = (
				18675F1925543EE300758F81 /* Preview Assets.xcassets */,
			);
			path = "Preview Content";
			sourceTree = "<group>";
		};
		18675F252554671300758F81 /* IQKeyboardManager */ = {
			isa = PBXGroup;
			children = (
				18675F262554671300758F81 /* IQTextView */,
				18675F292554671300758F81 /* IQToolbar */,
				18675F342554671300758F81 /* Constants */,
				18675F372554671300758F81 /* Resources */,
				18675F382554671300758F81 /* IQKeyboardReturnKeyHandler.h */,
				18675F392554671300758F81 /* IQKeyboardManager.h */,
				18675F3A2554671300758F81 /* IQKeyboardManager.m */,
				18675F3B2554671300758F81 /* Categories */,
				18675F462554671300758F81 /* IQKeyboardReturnKeyHandler.m */,
			);
			path = IQKeyboardManager;
			sourceTree = "<group>";
		};
		18675F262554671300758F81 /* IQTextView */ = {
			isa = PBXGroup;
			children = (
				18675F272554671300758F81 /* IQTextView.m */,
				18675F282554671300758F81 /* IQTextView.h */,
			);
			path = IQTextView;
			sourceTree = "<group>";
		};
		18675F292554671300758F81 /* IQToolbar */ = {
			isa = PBXGroup;
			children = (
				18675F2A2554671300758F81 /* IQUIView+IQKeyboardToolbar.h */,
				18675F2B2554671300758F81 /* IQToolbar.m */,
				18675F2C2554671300758F81 /* IQPreviousNextView.h */,
				18675F2D2554671300758F81 /* IQTitleBarButtonItem.m */,
				18675F2E2554671300758F81 /* IQBarButtonItem.m */,
				18675F2F2554671300758F81 /* IQUIView+IQKeyboardToolbar.m */,
				18675F302554671300758F81 /* IQPreviousNextView.m */,
				18675F312554671300758F81 /* IQToolbar.h */,
				18675F322554671300758F81 /* IQBarButtonItem.h */,
				18675F332554671300758F81 /* IQTitleBarButtonItem.h */,
			);
			path = IQToolbar;
			sourceTree = "<group>";
		};
		18675F342554671300758F81 /* Constants */ = {
			isa = PBXGroup;
			children = (
				18675F352554671300758F81 /* IQKeyboardManagerConstantsInternal.h */,
				18675F362554671300758F81 /* IQKeyboardManagerConstants.h */,
			);
			path = Constants;
			sourceTree = "<group>";
		};
		18675F372554671300758F81 /* Resources */ = {
			isa = PBXGroup;
			children = (
			);
			path = Resources;
			sourceTree = "<group>";
		};
		18675F3B2554671300758F81 /* Categories */ = {
			isa = PBXGroup;
			children = (
				18675F3C2554671300758F81 /* IQNSArray+Sort.m */,
				18675F3D2554671300758F81 /* IQUIViewController+Additions.h */,
				18675F3E2554671300758F81 /* IQUITextFieldView+Additions.m */,
				18675F3F2554671300758F81 /* IQUIScrollView+Additions.m */,
				18675F402554671300758F81 /* IQUIView+Hierarchy.m */,
				18675F412554671300758F81 /* IQNSArray+Sort.h */,
				18675F422554671300758F81 /* IQUIScrollView+Additions.h */,
				18675F432554671300758F81 /* IQUITextFieldView+Additions.h */,
				18675F442554671300758F81 /* IQUIViewController+Additions.m */,
				18675F452554671300758F81 /* IQUIView+Hierarchy.h */,
			);
			path = Categories;
			sourceTree = "<group>";
		};
		187B70CF256849960055E5D0 /* ServiceClasses */ = {
			isa = PBXGroup;
			children = (
				187B70D1256849960055E5D0 /* AppConstantes.swift */,
				187B70D2256849960055E5D0 /* singleton.swift */,
			);
			path = ServiceClasses;
			sourceTree = "<group>";
		};
		A7827218F6AD59686481F91F /* Pods */ = {
			isa = PBXGroup;
			children = (
				C13328C333B988C2B26F39D3 /* Pods-Spine.debug.xcconfig */,
				0FD6E7CF03C8028802FF631C /* Pods-Spine.release.xcconfig */,
			);
			path = Pods;
			sourceTree = "<group>";
		};
		EF6AEC45BE58E3D2AB7AE26B /* Pods */ = {
			isa = PBXGroup;
			children = (
				85B0F029B5D17F0B389B7556 /* Pods-Spine.debug.xcconfig */,
				17DF1A7A3E4D2D8E886D4240 /* Pods-Spine.release.xcconfig */,
			);
			path = Pods;
			sourceTree = "<group>";
		};
		F610C06F4D139117F03B5C46 /* Frameworks */ = {
			isa = PBXGroup;
			children = (
				1809E0A5256CD24C0007E9B2 /* NetworkExtension.framework */,
				DF920189D53FA29F2F788086 /* Pods_Spine.framework */,
			);
			name = Frameworks;
			sourceTree = "<group>";
		};
/* End PBXGroup section */

/* Begin PBXNativeTarget section */
		18675F0C25543EDF00758F81 /* Spine */ = {
			isa = PBXNativeTarget;
			buildConfigurationList = 18675F2125543EE300758F81 /* Build configuration list for PBXNativeTarget "Spine" */;
			buildPhases = (
				DF5CDCBA4BC610D7904190D8 /* [CP] Check Pods Manifest.lock */,
				18675F0925543EDF00758F81 /* Sources */,
				18675F0A25543EDF00758F81 /* Frameworks */,
				18675F0B25543EDF00758F81 /* Resources */,
				93F63739961932506B16B992 /* [CP] Embed Pods Frameworks */,
			);
			buildRules = (
			);
			dependencies = (
			);
			name = Spine;
			packageProductDependencies = (
				1859CF4A256C03A000EFC1EA /* FacebookLogin */,
			);
			productName = Spine;
			productReference = 18675F0D25543EDF00758F81 /* Spine.app */;
			productType = "com.apple.product-type.application";
		};
/* End PBXNativeTarget section */

/* Begin PBXProject section */
		18675F0525543EDF00758F81 /* Project object */ = {
			isa = PBXProject;
			attributes = {
				LastSwiftUpdateCheck = 1210;
				LastUpgradeCheck = 1210;
				TargetAttributes = {
					18675F0C25543EDF00758F81 = {
						CreatedOnToolsVersion = 12.1;
					};
				};
			};
			buildConfigurationList = 18675F0825543EDF00758F81 /* Build configuration list for PBXProject "Spine" */;
			compatibilityVersion = "Xcode 9.3";
			developmentRegion = en;
			hasScannedForEncodings = 0;
			knownRegions = (
				en,
				Base,
			);
			mainGroup = 18675F0425543EDF00758F81;
			packageReferences = (
				1859CF49256C039F00EFC1EA /* XCRemoteSwiftPackageReference "facebook-ios-sdk" */,
			);
			productRefGroup = 18675F0E25543EDF00758F81 /* Products */;
			projectDirPath = "";
			projectRoot = "";
			targets = (
				18675F0C25543EDF00758F81 /* Spine */,
			);
		};
/* End PBXProject section */

/* Begin PBXResourcesBuildPhase section */
		18675F0B25543EDF00758F81 /* Resources */ = {
			isa = PBXResourcesBuildPhase;
			buildActionMask = 2147483647;
			files = (
				18675F1D25543EE300758F81 /* LaunchScreen.storyboard in Resources */,
				18675F1A25543EE300758F81 /* Preview Assets.xcassets in Resources */,
				18675F1725543EE300758F81 /* Assets.xcassets in Resources */,
			);
			runOnlyForDeploymentPostprocessing = 0;
		};
/* End PBXResourcesBuildPhase section */

/* Begin PBXShellScriptBuildPhase section */
		93F63739961932506B16B992 /* [CP] Embed Pods Frameworks */ = {
			isa = PBXShellScriptBuildPhase;
			buildActionMask = 2147483647;
			files = (
			);
			inputFileListPaths = (
				"${PODS_ROOT}/Target Support Files/Pods-Spine/Pods-Spine-frameworks-${CONFIGURATION}-input-files.xcfilelist",
			);
			name = "[CP] Embed Pods Frameworks";
			outputFileListPaths = (
				"${PODS_ROOT}/Target Support Files/Pods-Spine/Pods-Spine-frameworks-${CONFIGURATION}-output-files.xcfilelist",
			);
			runOnlyForDeploymentPostprocessing = 0;
			shellPath = /bin/sh;
			shellScript = "\"${PODS_ROOT}/Target Support Files/Pods-Spine/Pods-Spine-frameworks.sh\"\n";
			showEnvVarsInLog = 0;
		};
		DF5CDCBA4BC610D7904190D8 /* [CP] Check Pods Manifest.lock */ = {
			isa = PBXShellScriptBuildPhase;
			buildActionMask = 2147483647;
			files = (
			);
			inputFileListPaths = (
			);
			inputPaths = (
				"${PODS_PODFILE_DIR_PATH}/Podfile.lock",
				"${PODS_ROOT}/Manifest.lock",
			);
			name = "[CP] Check Pods Manifest.lock";
			outputFileListPaths = (
			);
			outputPaths = (
				"$(DERIVED_FILE_DIR)/Pods-Spine-checkManifestLockResult.txt",
			);
			runOnlyForDeploymentPostprocessing = 0;
			shellPath = /bin/sh;
			shellScript = "diff \"${PODS_PODFILE_DIR_PATH}/Podfile.lock\" \"${PODS_ROOT}/Manifest.lock\" > /dev/null\nif [ $? != 0 ] ; then\n    # print error to STDERR\n    echo \"error: The sandbox is not in sync with the Podfile.lock. Run 'pod install' or update your CocoaPods installation.\" >&2\n    exit 1\nfi\n# This output is used by Xcode 'outputs' to avoid re-running this script phase.\necho \"SUCCESS\" > \"${SCRIPT_OUTPUT_FILE_0}\"\n";
			showEnvVarsInLog = 0;
		};
/* End PBXShellScriptBuildPhase section */

/* Begin PBXSourcesBuildPhase section */
		18675F0925543EDF00758F81 /* Sources */ = {
			isa = PBXSourcesBuildPhase;
			buildActionMask = 2147483647;
			files = (
				187B70D4256849960055E5D0 /* AppConstantes.swift in Sources */,
				18830D6725B1BEED00842278 /* HomeViewImpulseModel.swift in Sources */,
				18675F4D2554671400758F81 /* IQKeyboardManager.m in Sources */,
				18675F522554671400758F81 /* IQUIViewController+Additions.m in Sources */,
				1821F0FF25678EBE00F77583 /* Home.swift in Sources */,
				1821F108256794C800F77583 /* ForgetPassword.swift in Sources */,
				1835CD6425A6D202004A2F63 /* TextFields.swift in Sources */,
				1805B5EA25A59D4600CE4C01 /* LoadingView.swift in Sources */,
				18675F482554671400758F81 /* IQToolbar.m in Sources */,
				18767E6B25A7192800AF8943 /* ForgetModel.swift in Sources */,
				18767E8225A7469700AF8943 /* RegisterHandler.swift in Sources */,
				1895303B257A602300B5C7B2 /* SpineImpulseDetail.swift in Sources */,
				18675F4A2554671400758F81 /* IQBarButtonItem.m in Sources */,
				1809E0AA256CD8A20007E9B2 /* EmailOTPVerification.swift in Sources */,
				1805B5ED25A59D5100CE4C01 /* LoadingIndicator.swift in Sources */,
				1805B60025A5C27600CE4C01 /* HomeHandler.swift in Sources */,
				187B70D5256849960055E5D0 /* singleton.swift in Sources */,
				18A22CC225875E0C00020B28 /* LoginViewModel.swift in Sources */,
				1805B5E325A59CCE00CE4C01 /* LoginHandler.swift in Sources */,
				18675F492554671400758F81 /* IQTitleBarButtonItem.m in Sources */,
				18675F4B2554671400758F81 /* IQUIView+IQKeyboardToolbar.m in Sources */,
				18830D6A25B1BF1700842278 /* HomeImpulseModel.swift in Sources */,
				18675F1125543EDF00758F81 /* AppDelegate.swift in Sources */,
				18251303257A086F00C315C2 /* ProfileView.swift in Sources */,
				1805B60325A5C29A00CE4C01 /* HomeViewModel.swift in Sources */,
				18578CF825B5542B00D70D98 /* HomeImpulseHandler.swift in Sources */,
				18675F512554671400758F81 /* IQUIView+Hierarchy.m in Sources */,
				1809E0AD256CD8BA0007E9B2 /* PhoneOTPVerification.swift in Sources */,
				18675F4F2554671400758F81 /* IQUITextFieldView+Additions.m in Sources */,
				18578D0D25B5BD1700D70D98 /* FollowersHandler.swift in Sources */,
				18767E8525A746B100AF8943 /* RegisterViewModel.swift in Sources */,
				18578D0125B5BCA200D70D98 /* StoriesModel.swift in Sources */,
				18578CFE25B5BC8C00D70D98 /* StoriesViewModel.swift in Sources */,
				18675F532554671400758F81 /* IQKeyboardReturnKeyHandler.m in Sources */,
				1805B5E625A59CE300CE4C01 /* APIHandler.swift in Sources */,
				18578CFB25B5BC6E00D70D98 /* StoriesHandler.swift in Sources */,
				18578D0725B5BCEE00D70D98 /* TrendingCatViewModel.swift in Sources */,
				18675F502554671400758F81 /* IQUIScrollView+Additions.m in Sources */,
				1821F0F625678E8700F77583 /* Registration.swift in Sources */,
				180902C5258B793200BB996E /* SettingsView.swift in Sources */,
				1821F1052567949F00F77583 /* PhoneVerification.swift in Sources */,
				18767E6525A712CE00AF8943 /* ForgetPasswordView.swift in Sources */,
				1821F1022567947600F77583 /* EmailVerification.swift in Sources */,
				1821272E25A2E846001B1553 /* EventViewModel.swift in Sources */,
				1893E0BF257E348E00B62212 /* StoriesDetail.swift in Sources */,
				18578D1325B5BE2000D70D98 /* FollowersModel.swift in Sources */,
				18675F472554671300758F81 /* IQTextView.m in Sources */,
				1821273125A2E866001B1553 /* EventModel.swift in Sources */,
				18A22CBE2587525700020B28 /* LoginModel.swift in Sources */,
				1893E0C2257E352A00B62212 /* TrendingCatDetail.swift in Sources */,
				182C6CBD259074EA00742B1F /* PostView.swift in Sources */,
				18251306257A099A00C315C2 /* EventView.swift in Sources */,
				182B344D259468A100DFCEF3 /* PlusButtonView.swift in Sources */,
				182B346525947B6A00DFCEF3 /* RegisterModel.swift in Sources */,
				18767E6E25A71AB600AF8943 /* ForgetViewModel.swift in Sources */,
				18578D0A25B5BCFD00D70D98 /* TrendingCatModel.swift in Sources */,
				1821272B25A2E813001B1553 /* HomeModel.swift in Sources */,
				180902C8258BBA2900BB996E /* ActivitiesView.swift in Sources */,
				18675F1325543EDF00758F81 /* SceneDelegate.swift in Sources */,
				18675F1525543EDF00758F81 /* ContentView.swift in Sources */,
				18767E6825A718B100AF8943 /* ForgetHandler.swift in Sources */,
				1821F0F925678E9900F77583 /* Login.swift in Sources */,
				18578D0425B5BCD900D70D98 /* TrendingCatHandler.swift in Sources */,
				18FEDBDE258A574A00CD9163 /* OtherData.swift in Sources */,
				18675F4C2554671400758F81 /* IQPreviousNextView.m in Sources */,
				18578D1025B5BD2900D70D98 /* FollowersViewModel.swift in Sources */,
				18675F4E2554671400758F81 /* IQNSArray+Sort.m in Sources */,
			);
			runOnlyForDeploymentPostprocessing = 0;
		};
/* End PBXSourcesBuildPhase section */

/* Begin PBXVariantGroup section */
		18675F1B25543EE300758F81 /* LaunchScreen.storyboard */ = {
			isa = PBXVariantGroup;
			children = (
				18675F1C25543EE300758F81 /* Base */,
			);
			name = LaunchScreen.storyboard;
			sourceTree = "<group>";
		};
/* End PBXVariantGroup section */

/* Begin XCBuildConfiguration section */
		18675F1F25543EE300758F81 /* Debug */ = {
			isa = XCBuildConfiguration;
			buildSettings = {
				ALWAYS_SEARCH_USER_PATHS = NO;
				CLANG_ANALYZER_NONNULL = YES;
				CLANG_ANALYZER_NUMBER_OBJECT_CONVERSION = YES_AGGRESSIVE;
				CLANG_CXX_LANGUAGE_STANDARD = "gnu++14";
				CLANG_CXX_LIBRARY = "libc++";
				CLANG_ENABLE_MODULES = YES;
				CLANG_ENABLE_OBJC_ARC = YES;
				CLANG_ENABLE_OBJC_WEAK = YES;
				CLANG_WARN_BLOCK_CAPTURE_AUTORELEASING = YES;
				CLANG_WARN_BOOL_CONVERSION = YES;
				CLANG_WARN_COMMA = YES;
				CLANG_WARN_CONSTANT_CONVERSION = YES;
				CLANG_WARN_DEPRECATED_OBJC_IMPLEMENTATIONS = YES;
				CLANG_WARN_DIRECT_OBJC_ISA_USAGE = YES_ERROR;
				CLANG_WARN_DOCUMENTATION_COMMENTS = YES;
				CLANG_WARN_EMPTY_BODY = YES;
				CLANG_WARN_ENUM_CONVERSION = YES;
				CLANG_WARN_INFINITE_RECURSION = YES;
				CLANG_WARN_INT_CONVERSION = YES;
				CLANG_WARN_NON_LITERAL_NULL_CONVERSION = YES;
				CLANG_WARN_OBJC_IMPLICIT_RETAIN_SELF = YES;
				CLANG_WARN_OBJC_LITERAL_CONVERSION = YES;
				CLANG_WARN_OBJC_ROOT_CLASS = YES_ERROR;
				CLANG_WARN_QUOTED_INCLUDE_IN_FRAMEWORK_HEADER = YES;
				CLANG_WARN_RANGE_LOOP_ANALYSIS = YES;
				CLANG_WARN_STRICT_PROTOTYPES = YES;
				CLANG_WARN_SUSPICIOUS_MOVE = YES;
				CLANG_WARN_UNGUARDED_AVAILABILITY = YES_AGGRESSIVE;
				CLANG_WARN_UNREACHABLE_CODE = YES;
				CLANG_WARN__DUPLICATE_METHOD_MATCH = YES;
				COPY_PHASE_STRIP = NO;
				DEBUG_INFORMATION_FORMAT = dwarf;
				ENABLE_STRICT_OBJC_MSGSEND = YES;
				ENABLE_TESTABILITY = YES;
				GCC_C_LANGUAGE_STANDARD = gnu11;
				GCC_DYNAMIC_NO_PIC = NO;
				GCC_NO_COMMON_BLOCKS = YES;
				GCC_OPTIMIZATION_LEVEL = 0;
				GCC_PREPROCESSOR_DEFINITIONS = (
					"DEBUG=1",
					"$(inherited)",
				);
				GCC_WARN_64_TO_32_BIT_CONVERSION = YES;
				GCC_WARN_ABOUT_RETURN_TYPE = YES_ERROR;
				GCC_WARN_UNDECLARED_SELECTOR = YES;
				GCC_WARN_UNINITIALIZED_AUTOS = YES_AGGRESSIVE;
				GCC_WARN_UNUSED_FUNCTION = YES;
				GCC_WARN_UNUSED_VARIABLE = YES;
				IPHONEOS_DEPLOYMENT_TARGET = 14.1;
				MTL_ENABLE_DEBUG_INFO = INCLUDE_SOURCE;
				MTL_FAST_MATH = YES;
				ONLY_ACTIVE_ARCH = YES;
				SDKROOT = iphoneos;
				SWIFT_ACTIVE_COMPILATION_CONDITIONS = DEBUG;
				SWIFT_OPTIMIZATION_LEVEL = "-Onone";
			};
			name = Debug;
		};
		18675F2025543EE300758F81 /* Release */ = {
			isa = XCBuildConfiguration;
			buildSettings = {
				ALWAYS_SEARCH_USER_PATHS = NO;
				CLANG_ANALYZER_NONNULL = YES;
				CLANG_ANALYZER_NUMBER_OBJECT_CONVERSION = YES_AGGRESSIVE;
				CLANG_CXX_LANGUAGE_STANDARD = "gnu++14";
				CLANG_CXX_LIBRARY = "libc++";
				CLANG_ENABLE_MODULES = YES;
				CLANG_ENABLE_OBJC_ARC = YES;
				CLANG_ENABLE_OBJC_WEAK = YES;
				CLANG_WARN_BLOCK_CAPTURE_AUTORELEASING = YES;
				CLANG_WARN_BOOL_CONVERSION = YES;
				CLANG_WARN_COMMA = YES;
				CLANG_WARN_CONSTANT_CONVERSION = YES;
				CLANG_WARN_DEPRECATED_OBJC_IMPLEMENTATIONS = YES;
				CLANG_WARN_DIRECT_OBJC_ISA_USAGE = YES_ERROR;
				CLANG_WARN_DOCUMENTATION_COMMENTS = YES;
				CLANG_WARN_EMPTY_BODY = YES;
				CLANG_WARN_ENUM_CONVERSION = YES;
				CLANG_WARN_INFINITE_RECURSION = YES;
				CLANG_WARN_INT_CONVERSION = YES;
				CLANG_WARN_NON_LITERAL_NULL_CONVERSION = YES;
				CLANG_WARN_OBJC_IMPLICIT_RETAIN_SELF = YES;
				CLANG_WARN_OBJC_LITERAL_CONVERSION = YES;
				CLANG_WARN_OBJC_ROOT_CLASS = YES_ERROR;
				CLANG_WARN_QUOTED_INCLUDE_IN_FRAMEWORK_HEADER = YES;
				CLANG_WARN_RANGE_LOOP_ANALYSIS = YES;
				CLANG_WARN_STRICT_PROTOTYPES = YES;
				CLANG_WARN_SUSPICIOUS_MOVE = YES;
				CLANG_WARN_UNGUARDED_AVAILABILITY = YES_AGGRESSIVE;
				CLANG_WARN_UNREACHABLE_CODE = YES;
				CLANG_WARN__DUPLICATE_METHOD_MATCH = YES;
				COPY_PHASE_STRIP = NO;
				DEBUG_INFORMATION_FORMAT = "dwarf-with-dsym";
				ENABLE_NS_ASSERTIONS = NO;
				ENABLE_STRICT_OBJC_MSGSEND = YES;
				GCC_C_LANGUAGE_STANDARD = gnu11;
				GCC_NO_COMMON_BLOCKS = YES;
				GCC_WARN_64_TO_32_BIT_CONVERSION = YES;
				GCC_WARN_ABOUT_RETURN_TYPE = YES_ERROR;
				GCC_WARN_UNDECLARED_SELECTOR = YES;
				GCC_WARN_UNINITIALIZED_AUTOS = YES_AGGRESSIVE;
				GCC_WARN_UNUSED_FUNCTION = YES;
				GCC_WARN_UNUSED_VARIABLE = YES;
				IPHONEOS_DEPLOYMENT_TARGET = 14.1;
				MTL_ENABLE_DEBUG_INFO = NO;
				MTL_FAST_MATH = YES;
				SDKROOT = iphoneos;
				SWIFT_COMPILATION_MODE = wholemodule;
				SWIFT_OPTIMIZATION_LEVEL = "-O";
				VALIDATE_PRODUCT = YES;
			};
			name = Release;
		};
		18675F2225543EE300758F81 /* Debug */ = {
			isa = XCBuildConfiguration;
			baseConfigurationReference = 85B0F029B5D17F0B389B7556 /* Pods-Spine.debug.xcconfig */;
			buildSettings = {
				ASSETCATALOG_COMPILER_APPICON_NAME = AppIcon;
				ASSETCATALOG_COMPILER_GLOBAL_ACCENT_COLOR_NAME = AccentColor;
				CODE_SIGN_ENTITLEMENTS = Spine/Spine.entitlements;
				CODE_SIGN_IDENTITY = "Apple Development";
				CODE_SIGN_STYLE = Automatic;
				DEVELOPMENT_ASSET_PATHS = "\"Spine/Preview Content\"";
				DEVELOPMENT_TEAM = "";
				ENABLE_PREVIEWS = YES;
				INFOPLIST_FILE = Spine/Info.plist;
				LD_RUNPATH_SEARCH_PATHS = (
					"$(inherited)",
					"@executable_path/Frameworks",
				);
				PRODUCT_BUNDLE_IDENTIFIER = com.wiesoftware.Spine;
				PRODUCT_NAME = "$(TARGET_NAME)";
				PROVISIONING_PROFILE_SPECIFIER = "";
				SWIFT_VERSION = 5.0;
				TARGETED_DEVICE_FAMILY = "1,2";
			};
			name = Debug;
		};
		18675F2325543EE300758F81 /* Release */ = {
			isa = XCBuildConfiguration;
			baseConfigurationReference = 17DF1A7A3E4D2D8E886D4240 /* Pods-Spine.release.xcconfig */;
			buildSettings = {
				ASSETCATALOG_COMPILER_APPICON_NAME = AppIcon;
				ASSETCATALOG_COMPILER_GLOBAL_ACCENT_COLOR_NAME = AccentColor;
				CODE_SIGN_ENTITLEMENTS = Spine/Spine.entitlements;
				CODE_SIGN_IDENTITY = "Apple Development";
				CODE_SIGN_STYLE = Automatic;
				DEVELOPMENT_ASSET_PATHS = "\"Spine/Preview Content\"";
				DEVELOPMENT_TEAM = "";
				ENABLE_PREVIEWS = YES;
				INFOPLIST_FILE = Spine/Info.plist;
				LD_RUNPATH_SEARCH_PATHS = (
					"$(inherited)",
					"@executable_path/Frameworks",
				);
				PRODUCT_BUNDLE_IDENTIFIER = com.wiesoftware.Spine;
				PRODUCT_NAME = "$(TARGET_NAME)";
				PROVISIONING_PROFILE_SPECIFIER = "";
				SWIFT_VERSION = 5.0;
				TARGETED_DEVICE_FAMILY = "1,2";
			};
			name = Release;
		};
/* End XCBuildConfiguration section */

/* Begin XCConfigurationList section */
		18675F0825543EDF00758F81 /* Build configuration list for PBXProject "Spine" */ = {
			isa = XCConfigurationList;
			buildConfigurations = (
				18675F1F25543EE300758F81 /* Debug */,
				18675F2025543EE300758F81 /* Release */,
			);
			defaultConfigurationIsVisible = 0;
			defaultConfigurationName = Release;
		};
		18675F2125543EE300758F81 /* Build configuration list for PBXNativeTarget "Spine" */ = {
			isa = XCConfigurationList;
			buildConfigurations = (
				18675F2225543EE300758F81 /* Debug */,
				18675F2325543EE300758F81 /* Release */,
			);
			defaultConfigurationIsVisible = 0;
			defaultConfigurationName = Release;
		};
/* End XCConfigurationList section */

/* Begin XCRemoteSwiftPackageReference section */
		1859CF49256C039F00EFC1EA /* XCRemoteSwiftPackageReference "facebook-ios-sdk" */ = {
			isa = XCRemoteSwiftPackageReference;
			repositoryURL = "https://github.com/facebook/facebook-ios-sdk";
			requirement = {
				kind = upToNextMajorVersion;
				minimumVersion = 8.2.0;
			};
		};
/* End XCRemoteSwiftPackageReference section */

/* Begin XCSwiftPackageProductDependency section */
		1859CF4A256C03A000EFC1EA /* FacebookLogin */ = {
			isa = XCSwiftPackageProductDependency;
			package = 1859CF49256C039F00EFC1EA /* XCRemoteSwiftPackageReference "facebook-ios-sdk" */;
			productName = FacebookLogin;
		};
/* End XCSwiftPackageProductDependency section */
	};
	rootObject = 18675F0525543EDF00758F81 /* Project object */;
}
